// !$*UTF8*$!
{
	archiveVersion = 1;
	classes = {
	};
	objectVersion = 50;
	objects = {

/* Begin PBXBuildFile section */
		1E43F0CE25E22E2100886F46 /* AppDelegate.swift in Sources */ = {isa = PBXBuildFile; fileRef = 1E43F0CD25E22E2100886F46 /* AppDelegate.swift */; };
		1E43F0D025E22E2100886F46 /* SceneDelegate.swift in Sources */ = {isa = PBXBuildFile; fileRef = 1E43F0CF25E22E2100886F46 /* SceneDelegate.swift */; };
		1E43F0D225E22E2100886F46 /* ViewController.swift in Sources */ = {isa = PBXBuildFile; fileRef = 1E43F0D125E22E2100886F46 /* ViewController.swift */; };
		1E43F0D525E22E2100886F46 /* Main.storyboard in Resources */ = {isa = PBXBuildFile; fileRef = 1E43F0D325E22E2100886F46 /* Main.storyboard */; };
		1E43F0D725E22E2900886F46 /* Assets.xcassets in Resources */ = {isa = PBXBuildFile; fileRef = 1E43F0D625E22E2900886F46 /* Assets.xcassets */; };
		1E43F0DA25E22E2900886F46 /* LaunchScreen.storyboard in Resources */ = {isa = PBXBuildFile; fileRef = 1E43F0D825E22E2900886F46 /* LaunchScreen.storyboard */; };
		1E43F0E525E22E2900886F46 /* PreworkTests.swift in Sources */ = {isa = PBXBuildFile; fileRef = 1E43F0E425E22E2900886F46 /* PreworkTests.swift */; };
		1E43F0F025E22E2A00886F46 /* PreworkUITests.swift in Sources */ = {isa = PBXBuildFile; fileRef = 1E43F0EF25E22E2A00886F46 /* PreworkUITests.swift */; };
		1ECD306525E436EC00CC2530 /* SettingsViewController.swift in Sources */ = {isa = PBXBuildFile; fileRef = 1ECD306425E436EC00CC2530 /* SettingsViewController.swift */; };
/* End PBXBuildFile section */

/* Begin PBXContainerItemProxy section */
		1E43F0E125E22E2900886F46 /* PBXContainerItemProxy */ = {
			isa = PBXContainerItemProxy;
			containerPortal = 1E43F0C225E22E2000886F46 /* Project object */;
			proxyType = 1;
			remoteGlobalIDString = 1E43F0C925E22E2000886F46;
			remoteInfo = Prework;
		};
		1E43F0EC25E22E2A00886F46 /* PBXContainerItemProxy */ = {
			isa = PBXContainerItemProxy;
			containerPortal = 1E43F0C225E22E2000886F46 /* Project object */;
			proxyType = 1;
			remoteGlobalIDString = 1E43F0C925E22E2000886F46;
			remoteInfo = Prework;
		};
/* End PBXContainerItemProxy section */

/* Begin PBXFileReference section */
		1E43F0CA25E22E2100886F46 /* Prework.app */ = {isa = PBXFileReference; explicitFileType = wrapper.application; includeInIndex = 0; path = Prework.app; sourceTree = BUILT_PRODUCTS_DIR; };
		1E43F0CD25E22E2100886F46 /* AppDelegate.swift */ = {isa = PBXFileReference; lastKnownFileType = sourcecode.swift; path = AppDelegate.swift; sourceTree = "<group>"; };
		1E43F0CF25E22E2100886F46 /* SceneDelegate.swift */ = {isa = PBXFileReference; lastKnownFileType = sourcecode.swift; path = SceneDelegate.swift; sourceTree = "<group>"; };
		1E43F0D125E22E2100886F46 /* ViewController.swift */ = {isa = PBXFileReference; lastKnownFileType = sourcecode.swift; path = ViewController.swift; sourceTree = "<group>"; };
		1E43F0D425E22E2100886F46 /* Base */ = {isa = PBXFileReference; lastKnownFileType = file.storyboard; name = Base; path = Base.lproj/Main.storyboard; sourceTree = "<group>"; };
		1E43F0D625E22E2900886F46 /* Assets.xcassets */ = {isa = PBXFileReference; lastKnownFileType = folder.assetcatalog; path = Assets.xcassets; sourceTree = "<group>"; };
		1E43F0D925E22E2900886F46 /* Base */ = {isa = PBXFileReference; lastKnownFileType = file.storyboard; name = Base; path = Base.lproj/LaunchScreen.storyboard; sourceTree = "<group>"; };
		1E43F0DB25E22E2900886F46 /* Info.plist */ = {isa = PBXFileReference; lastKnownFileType = text.plist.xml; path = Info.plist; sourceTree = "<group>"; };
		1E43F0E025E22E2900886F46 /* PreworkTests.xctest */ = {isa = PBXFileReference; explicitFileType = wrapper.cfbundle; includeInIndex = 0; path = PreworkTests.xctest; sourceTree = BUILT_PRODUCTS_DIR; };
		1E43F0E425E22E2900886F46 /* PreworkTests.swift */ = {isa = PBXFileReference; lastKnownFileType = sourcecode.swift; path = PreworkTests.swift; sourceTree = "<group>"; };
		1E43F0E625E22E2900886F46 /* Info.plist */ = {isa = PBXFileReference; lastKnownFileType = text.plist.xml; path = Info.plist; sourceTree = "<group>"; };
		1E43F0EB25E22E2A00886F46 /* PreworkUITests.xctest */ = {isa = PBXFileReference; explicitFileType = wrapper.cfbundle; includeInIndex = 0; path = PreworkUITests.xctest; sourceTree = BUILT_PRODUCTS_DIR; };
		1E43F0EF25E22E2A00886F46 /* PreworkUITests.swift */ = {isa = PBXFileReference; lastKnownFileType = sourcecode.swift; path = PreworkUITests.swift; sourceTree = "<group>"; };
		1E43F0F125E22E2A00886F46 /* Info.plist */ = {isa = PBXFileReference; lastKnownFileType = text.plist.xml; path = Info.plist; sourceTree = "<group>"; };
		1ECD306425E436EC00CC2530 /* SettingsViewController.swift */ = {isa = PBXFileReference; lastKnownFileType = sourcecode.swift; path = SettingsViewController.swift; sourceTree = "<group>"; };
/* End PBXFileReference section */

/* Begin PBXFrameworksBuildPhase section */
		1E43F0C725E22E2000886F46 /* Frameworks */ = {
			isa = PBXFrameworksBuildPhase;
			buildActionMask = 2147483647;
			files = (
			);
			runOnlyForDeploymentPostprocessing = 0;
		};
		1E43F0DD25E22E2900886F46 /* Frameworks */ = {
			isa = PBXFrameworksBuildPhase;
			buildActionMask = 2147483647;
			files = (
			);
			runOnlyForDeploymentPostprocessing = 0;
		};
		1E43F0E825E22E2900886F46 /* Frameworks */ = {
			isa = PBXFrameworksBuildPhase;
			buildActionMask = 2147483647;
			files = (
			);
			runOnlyForDeploymentPostprocessing = 0;
		};
/* End PBXFrameworksBuildPhase section */

/* Begin PBXGroup section */
		1E43F0C125E22E2000886F46 = {
			isa = PBXGroup;
			children = (
				1ECD306425E436EC00CC2530 /* SettingsViewController.swift */,
				1E43F0CC25E22E2100886F46 /* Prework */,
				1E43F0E325E22E2900886F46 /* PreworkTests */,
				1E43F0EE25E22E2A00886F46 /* PreworkUITests */,
				1E43F0CB25E22E2100886F46 /* Products */,
			);
			sourceTree = "<group>";
		};
		1E43F0CB25E22E2100886F46 /* Products */ = {
			isa = PBXGroup;
			children = (
				1E43F0CA25E22E2100886F46 /* Prework.app */,
				1E43F0E025E22E2900886F46 /* PreworkTests.xctest */,
				1E43F0EB25E22E2A00886F46 /* PreworkUITests.xctest */,
			);
			name = Products;
			sourceTree = "<group>";
		};
		1E43F0CC25E22E2100886F46 /* Prework */ = {
			isa = PBXGroup;
			children = (
				1E43F0CD25E22E2100886F46 /* AppDelegate.swift */,
				1E43F0CF25E22E2100886F46 /* SceneDelegate.swift */,
				1E43F0D125E22E2100886F46 /* ViewController.swift */,
				1E43F0D325E22E2100886F46 /* Main.storyboard */,
				1E43F0D625E22E2900886F46 /* Assets.xcassets */,
				1E43F0D825E22E2900886F46 /* LaunchScreen.storyboard */,
				1E43F0DB25E22E2900886F46 /* Info.plist */,
			);
			path = Prework;
			sourceTree = "<group>";
		};
		1E43F0E325E22E2900886F46 /* PreworkTests */ = {
			isa = PBXGroup;
			children = (
				1E43F0E425E22E2900886F46 /* PreworkTests.swift */,
				1E43F0E625E22E2900886F46 /* Info.plist */,
			);
			path = PreworkTests;
			sourceTree = "<group>";
		};
		1E43F0EE25E22E2A00886F46 /* PreworkUITests */ = {
			isa = PBXGroup;
			children = (
				1E43F0EF25E22E2A00886F46 /* PreworkUITests.swift */,
				1E43F0F125E22E2A00886F46 /* Info.plist */,
			);
			path = PreworkUITests;
			sourceTree = "<group>";
		};
/* End PBXGroup section */

/* Begin PBXNativeTarget section */
		1E43F0C925E22E2000886F46 /* Prework */ = {
			isa = PBXNativeTarget;
			buildConfigurationList = 1E43F0F425E22E2A00886F46 /* Build configuration list for PBXNativeTarget "Prework" */;
			buildPhases = (
				1E43F0C625E22E2000886F46 /* Sources */,
				1E43F0C725E22E2000886F46 /* Frameworks */,
				1E43F0C825E22E2000886F46 /* Resources */,
			);
			buildRules = (
			);
			dependencies = (
			);
			name = Prework;
			productName = Prework;
			productReference = 1E43F0CA25E22E2100886F46 /* Prework.app */;
			productType = "com.apple.product-type.application";
		};
		1E43F0DF25E22E2900886F46 /* PreworkTests */ = {
			isa = PBXNativeTarget;
			buildConfigurationList = 1E43F0F725E22E2A00886F46 /* Build configuration list for PBXNativeTarget "PreworkTests" */;
			buildPhases = (
				1E43F0DC25E22E2900886F46 /* Sources */,
				1E43F0DD25E22E2900886F46 /* Frameworks */,
				1E43F0DE25E22E2900886F46 /* Resources */,
			);
			buildRules = (
			);
			dependencies = (
				1E43F0E225E22E2900886F46 /* PBXTargetDependency */,
			);
			name = PreworkTests;
			productName = PreworkTests;
			productReference = 1E43F0E025E22E2900886F46 /* PreworkTests.xctest */;
			productType = "com.apple.product-type.bundle.unit-test";
		};
		1E43F0EA25E22E2900886F46 /* PreworkUITests */ = {
			isa = PBXNativeTarget;
			buildConfigurationList = 1E43F0FA25E22E2A00886F46 /* Build configuration list for PBXNativeTarget "PreworkUITests" */;
			buildPhases = (
				1E43F0E725E22E2900886F46 /* Sources */,
				1E43F0E825E22E2900886F46 /* Frameworks */,
				1E43F0E925E22E2900886F46 /* Resources */,
			);
			buildRules = (
			);
			dependencies = (
				1E43F0ED25E22E2A00886F46 /* PBXTargetDependency */,
			);
			name = PreworkUITests;
			productName = PreworkUITests;
			productReference = 1E43F0EB25E22E2A00886F46 /* PreworkUITests.xctest */;
			productType = "com.apple.product-type.bundle.ui-testing";
		};
/* End PBXNativeTarget section */

/* Begin PBXProject section */
		1E43F0C225E22E2000886F46 /* Project object */ = {
			isa = PBXProject;
			attributes = {
				LastSwiftUpdateCheck = 1240;
				LastUpgradeCheck = 1240;
				TargetAttributes = {
					1E43F0C925E22E2000886F46 = {
						CreatedOnToolsVersion = 12.4;
					};
					1E43F0DF25E22E2900886F46 = {
						CreatedOnToolsVersion = 12.4;
						TestTargetID = 1E43F0C925E22E2000886F46;
					};
					1E43F0EA25E22E2900886F46 = {
						CreatedOnToolsVersion = 12.4;
						TestTargetID = 1E43F0C925E22E2000886F46;
					};
				};
			};
			buildConfigurationList = 1E43F0C525E22E2000886F46 /* Build configuration list for PBXProject "Prework" */;
			compatibilityVersion = "Xcode 9.3";
			developmentRegion = en;
			hasScannedForEncodings = 0;
			knownRegions = (
				en,
				Base,
			);
			mainGroup = 1E43F0C125E22E2000886F46;
			productRefGroup = 1E43F0CB25E22E2100886F46 /* Products */;
			projectDirPath = "";
			projectRoot = "";
			targets = (
				1E43F0C925E22E2000886F46 /* Prework */,
				1E43F0DF25E22E2900886F46 /* PreworkTests */,
				1E43F0EA25E22E2900886F46 /* PreworkUITests */,
			);
		};
/* End PBXProject section */

/* Begin PBXResourcesBuildPhase section */
		1E43F0C825E22E2000886F46 /* Resources */ = {
			isa = PBXResourcesBuildPhase;
			buildActionMask = 2147483647;
			files = (
				1E43F0DA25E22E2900886F46 /* LaunchScreen.storyboard in Resources */,
				1E43F0D725E22E2900886F46 /* Assets.xcassets in Resources */,
				1E43F0D525E22E2100886F46 /* Main.storyboard in Resources */,
			);
			runOnlyForDeploymentPostprocessing = 0;
		};
		1E43F0DE25E22E2900886F46 /* Resources */ = {
			isa = PBXResourcesBuildPhase;
			buildActionMask = 2147483647;
			files = (
			);
			runOnlyForDeploymentPostprocessing = 0;
		};
		1E43F0E925E22E2900886F46 /* Resources */ = {
			isa = PBXResourcesBuildPhase;
			buildActionMask = 2147483647;
			files = (
			);
			runOnlyForDeploymentPostprocessing = 0;
		};
/* End PBXResourcesBuildPhase section */

/* Begin PBXSourcesBuildPhase section */
		1E43F0C625E22E2000886F46 /* Sources */ = {
			isa = PBXSourcesBuildPhase;
			buildActionMask = 2147483647;
			files = (
				1E43F0D225E22E2100886F46 /* ViewController.swift in Sources */,
				1E43F0CE25E22E2100886F46 /* AppDelegate.swift in Sources */,
				1E43F0D025E22E2100886F46 /* SceneDelegate.swift in Sources */,
				1ECD306525E436EC00CC2530 /* SettingsViewController.swift in Sources */,
			);
			runOnlyForDeploymentPostprocessing = 0;
		};
		1E43F0DC25E22E2900886F46 /* Sources */ = {
			isa = PBXSourcesBuildPhase;
			buildActionMask = 2147483647;
			files = (
				1E43F0E525E22E2900886F46 /* PreworkTests.swift in Sources */,
			);
			runOnlyForDeploymentPostprocessing = 0;
		};
		1E43F0E725E22E2900886F46 /* Sources */ = {
			isa = PBXSourcesBuildPhase;
			buildActionMask = 2147483647;
			files = (
				1E43F0F025E22E2A00886F46 /* PreworkUITests.swift in Sources */,
			);
			runOnlyForDeploymentPostprocessing = 0;
		};
/* End PBXSourcesBuildPhase section */

/* Begin PBXTargetDependency section */
		1E43F0E225E22E2900886F46 /* PBXTargetDependency */ = {
			isa = PBXTargetDependency;
			target = 1E43F0C925E22E2000886F46 /* Prework */;
			targetProxy = 1E43F0E125E22E2900886F46 /* PBXContainerItemProxy */;
		};
		1E43F0ED25E22E2A00886F46 /* PBXTargetDependency */ = {
			isa = PBXTargetDependency;
			target = 1E43F0C925E22E2000886F46 /* Prework */;
			targetProxy = 1E43F0EC25E22E2A00886F46 /* PBXContainerItemProxy */;
		};
/* End PBXTargetDependency section */

/* Begin PBXVariantGroup section */
		1E43F0D325E22E2100886F46 /* Main.storyboard */ = {
			isa = PBXVariantGroup;
			children = (
				1E43F0D425E22E2100886F46 /* Base */,
			);
			name = Main.storyboard;
			sourceTree = "<group>";
		};
		1E43F0D825E22E2900886F46 /* LaunchScreen.storyboard */ = {
			isa = PBXVariantGroup;
			children = (
				1E43F0D925E22E2900886F46 /* Base */,
			);
			name = LaunchScreen.storyboard;
			sourceTree = "<group>";
		};
/* End PBXVariantGroup section */

/* Begin XCBuildConfiguration section */
		1E43F0F225E22E2A00886F46 /* Debug */ = {
			isa = XCBuildConfiguration;
			buildSettings = {
				ALWAYS_SEARCH_USER_PATHS = NO;
				CLANG_ANALYZER_NONNULL = YES;
				CLANG_ANALYZER_NUMBER_OBJECT_CONVERSION = YES_AGGRESSIVE;
				CLANG_CXX_LANGUAGE_STANDARD = "gnu++14";
				CLANG_CXX_LIBRARY = "libc++";
				CLANG_ENABLE_MODULES = YES;
				CLANG_ENABLE_OBJC_ARC = YES;
				CLANG_ENABLE_OBJC_WEAK = YES;
				CLANG_WARN_BLOCK_CAPTURE_AUTORELEASING = YES;
				CLANG_WARN_BOOL_CONVERSION = YES;
				CLANG_WARN_COMMA = YES;
				CLANG_WARN_CONSTANT_CONVERSION = YES;
				CLANG_WARN_DEPRECATED_OBJC_IMPLEMENTATIONS = YES;
				CLANG_WARN_DIRECT_OBJC_ISA_USAGE = YES_ERROR;
				CLANG_WARN_DOCUMENTATION_COMMENTS = YES;
				CLANG_WARN_EMPTY_BODY = YES;
				CLANG_WARN_ENUM_CONVERSION = YES;
				CLANG_WARN_INFINITE_RECURSION = YES;
				CLANG_WARN_INT_CONVERSION = YES;
				CLANG_WARN_NON_LITERAL_NULL_CONVERSION = YES;
				CLANG_WARN_OBJC_IMPLICIT_RETAIN_SELF = YES;
				CLANG_WARN_OBJC_LITERAL_CONVERSION = YES;
				CLANG_WARN_OBJC_ROOT_CLASS = YES_ERROR;
				CLANG_WARN_QUOTED_INCLUDE_IN_FRAMEWORK_HEADER = YES;
				CLANG_WARN_RANGE_LOOP_ANALYSIS = YES;
				CLANG_WARN_STRICT_PROTOTYPES = YES;
				CLANG_WARN_SUSPICIOUS_MOVE = YES;
				CLANG_WARN_UNGUARDED_AVAILABILITY = YES_AGGRESSIVE;
				CLANG_WARN_UNREACHABLE_CODE = YES;
				CLANG_WARN__DUPLICATE_METHOD_MATCH = YES;
				COPY_PHASE_STRIP = NO;
				DEBUG_INFORMATION_FORMAT = dwarf;
				ENABLE_STRICT_OBJC_MSGSEND = YES;
				ENABLE_TESTABILITY = YES;
				GCC_C_LANGUAGE_STANDARD = gnu11;
				GCC_DYNAMIC_NO_PIC = NO;
				GCC_NO_COMMON_BLOCKS = YES;
				GCC_OPTIMIZATION_LEVEL = 0;
				GCC_PREPROCESSOR_DEFINITIONS = (
					"DEBUG=1",
					"$(inherited)",
				);
				GCC_WARN_64_TO_32_BIT_CONVERSION = YES;
				GCC_WARN_ABOUT_RETURN_TYPE = YES_ERROR;
				GCC_WARN_UNDECLARED_SELECTOR = YES;
				GCC_WARN_UNINITIALIZED_AUTOS = YES_AGGRESSIVE;
				GCC_WARN_UNUSED_FUNCTION = YES;
				GCC_WARN_UNUSED_VARIABLE = YES;
				IPHONEOS_DEPLOYMENT_TARGET = 14.4;
				MTL_ENABLE_DEBUG_INFO = INCLUDE_SOURCE;
				MTL_FAST_MATH = YES;
				ONLY_ACTIVE_ARCH = YES;
				SDKROOT = iphoneos;
				SWIFT_ACTIVE_COMPILATION_CONDITIONS = DEBUG;
				SWIFT_OPTIMIZATION_LEVEL = "-Onone";
			};
			name = Debug;
		};
		1E43F0F325E22E2A00886F46 /* Release */ = {
			isa = XCBuildConfiguration;
			buildSettings = {
				ALWAYS_SEARCH_USER_PATHS = NO;
				CLANG_ANALYZER_NONNULL = YES;
				CLANG_ANALYZER_NUMBER_OBJECT_CONVERSION = YES_AGGRESSIVE;
				CLANG_CXX_LANGUAGE_STANDARD = "gnu++14";
				CLANG_CXX_LIBRARY = "libc++";
				CLANG_ENABLE_MODULES = YES;
				CLANG_ENABLE_OBJC_ARC = YES;
				CLANG_ENABLE_OBJC_WEAK = YES;
				CLANG_WARN_BLOCK_CAPTURE_AUTORELEASING = YES;
				CLANG_WARN_BOOL_CONVERSION = YES;
				CLANG_WARN_COMMA = YES;
				CLANG_WARN_CONSTANT_CONVERSION = YES;
				CLANG_WARN_DEPRECATED_OBJC_IMPLEMENTATIONS = YES;
				CLANG_WARN_DIRECT_OBJC_ISA_USAGE = YES_ERROR;
				CLANG_WARN_DOCUMENTATION_COMMENTS = YES;
				CLANG_WARN_EMPTY_BODY = YES;
				CLANG_WARN_ENUM_CONVERSION = YES;
				CLANG_WARN_INFINITE_RECURSION = YES;
				CLANG_WARN_INT_CONVERSION = YES;
				CLANG_WARN_NON_LITERAL_NULL_CONVERSION = YES;
				CLANG_WARN_OBJC_IMPLICIT_RETAIN_SELF = YES;
				CLANG_WARN_OBJC_LITERAL_CONVERSION = YES;
				CLANG_WARN_OBJC_ROOT_CLASS = YES_ERROR;
				CLANG_WARN_QUOTED_INCLUDE_IN_FRAMEWORK_HEADER = YES;
				CLANG_WARN_RANGE_LOOP_ANALYSIS = YES;
				CLANG_WARN_STRICT_PROTOTYPES = YES;
				CLANG_WARN_SUSPICIOUS_MOVE = YES;
				CLANG_WARN_UNGUARDED_AVAILABILITY = YES_AGGRESSIVE;
				CLANG_WARN_UNREACHABLE_CODE = YES;
				CLANG_WARN__DUPLICATE_METHOD_MATCH = YES;
				COPY_PHASE_STRIP = NO;
				DEBUG_INFORMATION_FORMAT = "dwarf-with-dsym";
				ENABLE_NS_ASSERTIONS = NO;
				ENABLE_STRICT_OBJC_MSGSEND = YES;
				GCC_C_LANGUAGE_STANDARD = gnu11;
				GCC_NO_COMMON_BLOCKS = YES;
				GCC_WARN_64_TO_32_BIT_CONVERSION = YES;
				GCC_WARN_ABOUT_RETURN_TYPE = YES_ERROR;
				GCC_WARN_UNDECLARED_SELECTOR = YES;
				GCC_WARN_UNINITIALIZED_AUTOS = YES_AGGRESSIVE;
				GCC_WARN_UNUSED_FUNCTION = YES;
				GCC_WARN_UNUSED_VARIABLE = YES;
				IPHONEOS_DEPLOYMENT_TARGET = 14.4;
				MTL_ENABLE_DEBUG_INFO = NO;
				MTL_FAST_MATH = YES;
				SDKROOT = iphoneos;
				SWIFT_COMPILATION_MODE = wholemodule;
				SWIFT_OPTIMIZATION_LEVEL = "-O";
				VALIDATE_PRODUCT = YES;
			};
			name = Release;
		};
		1E43F0F525E22E2A00886F46 /* Debug */ = {
			isa = XCBuildConfiguration;
			buildSettings = {
				ASSETCATALOG_COMPILER_APPICON_NAME = AppIcon;
				ASSETCATALOG_COMPILER_GLOBAL_ACCENT_COLOR_NAME = AccentColor;
				CODE_SIGN_STYLE = Automatic;
				INFOPLIST_FILE = Prework/Info.plist;
				LD_RUNPATH_SEARCH_PATHS = (
					"$(inherited)",
					"@executable_path/Frameworks",
				);
				PRODUCT_BUNDLE_IDENTIFIER = memo.com.Prework;
				PRODUCT_NAME = "$(TARGET_NAME)";
				SWIFT_VERSION = 5.0;
				TARGETED_DEVICE_FAMILY = "1,2";
			};
			name = Debug;
		};
		1E43F0F625E22E2A00886F46 /* Release */ = {
			isa = XCBuildConfiguration;
			buildSettings = {
				ASSETCATALOG_COMPILER_APPICON_NAME = AppIcon;
				ASSETCATALOG_COMPILER_GLOBAL_ACCENT_COLOR_NAME = AccentColor;
				CODE_SIGN_STYLE = Automatic;
				INFOPLIST_FILE = Prework/Info.plist;
				LD_RUNPATH_SEARCH_PATHS = (
					"$(inherited)",
					"@executable_path/Frameworks",
				);
				PRODUCT_BUNDLE_IDENTIFIER = memo.com.Prework;
				PRODUCT_NAME = "$(TARGET_NAME)";
				SWIFT_VERSION = 5.0;
				TARGETED_DEVICE_FAMILY = "1,2";
			};
			name = Release;
		};
		1E43F0F825E22E2A00886F46 /* Debug */ = {
			isa = XCBuildConfiguration;
			buildSettings = {
				ALWAYS_EMBED_SWIFT_STANDARD_LIBRARIES = YES;
				BUNDLE_LOADER = "$(TEST_HOST)";
				CODE_SIGN_STYLE = Automatic;
				INFOPLIST_FILE = PreworkTests/Info.plist;
				IPHONEOS_DEPLOYMENT_TARGET = 14.4;
				LD_RUNPATH_SEARCH_PATHS = (
					"$(inherited)",
					"@executable_path/Frameworks",
					"@loader_path/Frameworks",
				);
				PRODUCT_BUNDLE_IDENTIFIER = memo.com.PreworkTests;
				PRODUCT_NAME = "$(TARGET_NAME)";
				SWIFT_VERSION = 5.0;
				TARGETED_DEVICE_FAMILY = "1,2";
				TEST_HOST = "$(BUILT_PRODUCTS_DIR)/Prework.app/Prework";
			};
			name = Debug;
		};
		1E43F0F925E22E2A00886F46 /* Release */ = {
			isa = XCBuildConfiguration;
			buildSettings = {
				ALWAYS_EMBED_SWIFT_STANDARD_LIBRARIES = YES;
				BUNDLE_LOADER = "$(TEST_HOST)";
				CODE_SIGN_STYLE = Automatic;
				INFOPLIST_FILE = PreworkTests/Info.plist;
				IPHONEOS_DEPLOYMENT_TARGET = 14.4;
				LD_RUNPATH_SEARCH_PATHS = (
					"$(inherited)",
					"@executable_path/Frameworks",
					"@loader_path/Frameworks",
				);
				PRODUCT_BUNDLE_IDENTIFIER = memo.com.PreworkTests;
				PRODUCT_NAME = "$(TARGET_NAME)";
				SWIFT_VERSION = 5.0;
				TARGETED_DEVICE_FAMILY = "1,2";
				TEST_HOST = "$(BUILT_PRODUCTS_DIR)/Prework.app/Prework";
			};
			name = Release;
		};
		1E43F0FB25E22E2A00886F46 /* Debug */ = {
			isa = XCBuildConfiguration;
			buildSettings = {
				ALWAYS_EMBED_SWIFT_STANDARD_LIBRARIES = YES;
				CODE_SIGN_STYLE = Automatic;
				INFOPLIST_FILE = PreworkUITests/Info.plist;
				LD_RUNPATH_SEARCH_PATHS = (
					"$(inherited)",
					"@executable_path/Frameworks",
					"@loader_path/Frameworks",
				);
				PRODUCT_BUNDLE_IDENTIFIER = memo.com.PreworkUITests;
				PRODUCT_NAME = "$(TARGET_NAME)";
				SWIFT_VERSION = 5.0;
				TARGETED_DEVICE_FAMILY = "1,2";
				TEST_TARGET_NAME = Prework;
			};
			name = Debug;
		};
		1E43F0FC25E22E2A00886F46 /* Release */ = {
			isa = XCBuildConfiguration;
			buildSettings = {
				ALWAYS_EMBED_SWIFT_STANDARD_LIBRARIES = YES;
				CODE_SIGN_STYLE = Automatic;
				INFOPLIST_FILE = PreworkUITests/Info.plist;
				LD_RUNPATH_SEARCH_PATHS = (
					"$(inherited)",
					"@executable_path/Frameworks",
					"@loader_path/Frameworks",
				);
				PRODUCT_BUNDLE_IDENTIFIER = memo.com.PreworkUITests;
				PRODUCT_NAME = "$(TARGET_NAME)";
				SWIFT_VERSION = 5.0;
				TARGETED_DEVICE_FAMILY = "1,2";
				TEST_TARGET_NAME = Prework;
			};
			name = Release;
		};
/* End XCBuildConfiguration section */

/* Begin XCConfigurationList section */
		1E43F0C525E22E2000886F46 /* Build configuration list for PBXProject "Prework" */ = {
			isa = XCConfigurationList;
			buildConfigurations = (
				1E43F0F225E22E2A00886F46 /* Debug */,
				1E43F0F325E22E2A00886F46 /* Release */,
			);
			defaultConfigurationIsVisible = 0;
			defaultConfigurationName = Release;
		};
		1E43F0F425E22E2A00886F46 /* Build configuration list for PBXNativeTarget "Prework" */ = {
			isa = XCConfigurationList;
			buildConfigurations = (
				1E43F0F525E22E2A00886F46 /* Debug */,
				1E43F0F625E22E2A00886F46 /* Release */,
			);
			defaultConfigurationIsVisible = 0;
			defaultConfigurationName = Release;
		};
		1E43F0F725E22E2A00886F46 /* Build configuration list for PBXNativeTarget "PreworkTests" */ = {
			isa = XCConfigurationList;
			buildConfigurations = (
				1E43F0F825E22E2A00886F46 /* Debug */,
				1E43F0F925E22E2A00886F46 /* Release */,
			);
			defaultConfigurationIsVisible = 0;
			defaultConfigurationName = Release;
		};
		1E43F0FA25E22E2A00886F46 /* Build configuration list for PBXNativeTarget "PreworkUITests" */ = {
			isa = XCConfigurationList;
			buildConfigurations = (
				1E43F0FB25E22E2A00886F46 /* Debug */,
				1E43F0FC25E22E2A00886F46 /* Release */,
			);
			defaultConfigurationIsVisible = 0;
			defaultConfigurationName = Release;
		};
/* End XCConfigurationList section */
	};
	rootObject = 1E43F0C225E22E2000886F46 /* Project object */;
}
